
Microsoft Visual Studio Solution File, Format Version 12.00
# Visual Studio Version 17
VisualStudioVersion = 17.0.32126.317
MinimumVisualStudioVersion = 10.0.40219.1
Project("{FAE04EC0-301F-11D3-BF4B-00C04F79EFBC}") = "wpass-gui", "wpass-gui.csproj", "{A8ABDE61-DE69-44E0-8EA5-164F20A02672}"
EndProject
Global
	GlobalSection(SolutionConfigurationPlatforms) = preSolution
		Debug|Any CPU = Debug|Any CPU
		Release|Any CPU = Release|Any CPU
	EndGlobalSection
	GlobalSection(ProjectConfigurationPlatforms) = postSolution
		{A8ABDE61-DE69-44E0-8EA5-164F20A02672}.Debug|Any CPU.ActiveCfg = Debug|Any CPU
		{A8ABDE61-DE69-44E0-8EA5-164F20A02672}.Debug|Any CPU.Build.0 = Debug|Any CPU
		{A8ABDE61-DE69-44E0-8EA5-164F20A02672}.Release|Any CPU.ActiveCfg = Release|Any CPU
		{A8ABDE61-DE69-44E0-8EA5-164F20A02672}.Release|Any CPU.Build.0 = Release|Any CPU
	EndGlobalSection
	GlobalSection(SolutionProperties) = preSolution
		HideSolutionNode = FALSE
	EndGlobalSection
	GlobalSection(ExtensibilityGlobals) = postSolution
		SolutionGuid = {1E3401B0-590D-4C49-89A5-52E20C9D0C2D}
	EndGlobalSection
EndGlobal
